# THIS IS AN AUTOGENERATED FILE. DO NOT EDIT THIS FILE DIRECTLY.
# yarn lockfile v1


"@mdi/font@^4.5.95":
  version "4.9.95"
  resolved "https://registry.yarnpkg.com/@mdi/font/-/font-4.9.95.tgz#00ed2ffe289c9230f146e74559c07542d3f4475a"
  integrity sha512-m2sbAs+SMwRnWpkMriBxEulwuhmqRyh6X+hdOZlqSxYZUM2C2TaDnQ4gcilzdoAgru2XYnWViZ/xPuSDGgRXVw==

axios@^0.18.0:
  version "0.18.1"
  resolved "https://registry.yarnpkg.com/axios/-/axios-0.18.1.tgz#ff3f0de2e7b5d180e757ad98000f1081b87bcea3"
  integrity sha512-0BfJq4NSfQXd+SkFdrvFbG7addhYSBA2mQwISr46pD6E5iqkWg02RAs8vyTT/j0RTnoYmeXauBuSv1qKwR179g==
  dependencies:
    follow-redirects "1.5.10"
    is-buffer "^2.0.2"

base64-js@^1.3.0:
  version "1.3.1"
  resolved "https://registry.yarnpkg.com/base64-js/-/base64-js-1.3.1.tgz#58ece8cb75dd07e71ed08c736abc5fac4dbf8df1"
  integrity sha512-mLQ4i2QO1ytvGWFWmcngKO//JXAQueZvwEKtjgQFM4jIK0kU+ytMfplL8j+n5mspOfjHwoAg+9yhb7BwAHm36g==

core-js@^3.1.4:
  version "3.6.5"
  resolved "https://registry.yarnpkg.com/core-js/-/core-js-3.6.5.tgz#7395dc273af37fb2e50e9bd3d9fe841285231d1a"
  integrity sha512-vZVEEwZoIsI+vPEuoF9Iqf5H7/M3eeQqWlQnYa8FSKKePuYTf5MWnxb5SDAzCa60b3JBRS5g9b+Dq7b1y/RCrA==

country-list@^2.2.0:
  version "2.2.0"
  resolved "https://registry.yarnpkg.com/country-list/-/country-list-2.2.0.tgz#e248338cafb97b2d86cf0784a25dceb4d52054d1"
  integrity sha512-AS21pllCp72LmUztqXPVKXK3TRyap1XlohGLqN04cXH2rFB9vo7SnH5sMnqltZPnu9ie/x1se3UuCZJbGXErfw==

debug@=3.1.0:
  version "3.1.0"
  resolved "https://registry.yarnpkg.com/debug/-/debug-3.1.0.tgz#5bb5a0672628b64149566ba16819e61518c67261"
  integrity sha512-OX8XqP7/1a9cqkxYw2yXss15f26NKWBpDXQd0/uK/KPqdQhxbPa994hnzjcE2VqQpDslf55723cKPUOGSmMY3g==
  dependencies:
    ms "2.0.0"

escape-string-regexp@^1.0.5:
  version "1.0.5"
  resolved "https://registry.yarnpkg.com/escape-string-regexp/-/escape-string-regexp-1.0.5.tgz#1b61c0562190a8dff6ae3bb2cf0200ca130b86d4"
  integrity sha1-G2HAViGQqN/2rjuyzwIAyhMLhtQ=

fast-deep-equal@^2.0.1:
  version "2.0.1"
  resolved "https://registry.yarnpkg.com/fast-deep-equal/-/fast-deep-equal-2.0.1.tgz#7b05218ddf9667bf7f370bf7fdb2cb15fdd0aa49"
  integrity sha1-ewUhjd+WZ79/Nwv3/bLLFf3Qqkk=

follow-redirects@1.5.10:
  version "1.5.10"
  resolved "https://registry.yarnpkg.com/follow-redirects/-/follow-redirects-1.5.10.tgz#7b7a9f9aea2fdff36786a94ff643ed07f4ff5e2a"
  integrity sha512-0V5l4Cizzvqt5D44aTXbFZz+FtyXV1vrDN6qrelxtfYQKW0KO0W2T/hkE8xvGa/540LkZlkaUjO4ailYTFtHVQ==
  dependencies:
    debug "=3.1.0"

is-buffer@^2.0.2:
  version "2.0.4"
  resolved "https://registry.yarnpkg.com/is-buffer/-/is-buffer-2.0.4.tgz#3e572f23c8411a5cfd9557c849e3665e0b290623"
  integrity sha512-Kq1rokWXOPXWuaMAqZiJW4XxsmD9zGx9q4aePabbn3qCRGedtH7Cm+zV8WETitMfu1wdh+Rvd6w5egwSngUX2A==

keycloak-js@^6.0.0:
  version "6.0.1"
  resolved "https://registry.yarnpkg.com/keycloak-js/-/keycloak-js-6.0.1.tgz#329a5e77210dfc4a7d4acf96f95dd0132455bea3"
  integrity sha512-p02dBCA9pSH1xvTmRIEMdeMz00eCGKmZF+rjMeqrkiQD4xhXkzu50J9sQjaANolMlLhazOtfql70+N5QWm8Upg==

launchdarkly-js-client-sdk@^2.16.1:
  version "2.17.5"
  resolved "https://registry.yarnpkg.com/launchdarkly-js-client-sdk/-/launchdarkly-js-client-sdk-2.17.5.tgz#b971ee42bcc110c533fd3f3c7468f85c6ccfdbeb"
  integrity sha512-ca6Dud0uD63GOh3ghIFzWi9IkRtAKsI29GWJNvL6TSrWH0Ez/IddAu6GqVK/6SSPOpNCOl+LjVxFIYtoDv4pLA==
  dependencies:
    escape-string-regexp "^1.0.5"
    launchdarkly-js-sdk-common "3.2.8"

launchdarkly-js-sdk-common@3.2.8:
  version "3.2.8"
  resolved "https://registry.yarnpkg.com/launchdarkly-js-sdk-common/-/launchdarkly-js-sdk-common-3.2.8.tgz#dcf8725d7d24a211d5272db432c8d51db94e7bf5"
  integrity sha512-inZVhqRPJcs9jIOeEHFb5LmNbemWMRx2jJY0VIQajKAaDymseGxx2XVfeZukTrNKyB5JBNVMYpTRvnawWuLJQw==
  dependencies:
    base64-js "^1.3.0"
    fast-deep-equal "^2.0.1"
    uuid "^3.3.2"

ms@2.0.0:
  version "2.0.0"
  resolved "https://registry.yarnpkg.com/ms/-/ms-2.0.0.tgz#5608aeadfc00be6c2901df5f9861788de0d597c8"
  integrity sha1-VgiurfwAvmwpAd9fmGF4jeDVl8g=

provinces@^1.11.0:
  version "1.11.0"
  resolved "https://registry.yarnpkg.com/provinces/-/provinces-1.11.0.tgz#4678bd63e8811f0a194ebc1c57eee1c55e7ce6c2"
  integrity sha1-Rni9Y+iBHwoZTrwcV+7hxV585sI=

regenerator-runtime@^0.13.3:
  version "0.13.5"
  resolved "https://registry.yarnpkg.com/regenerator-runtime/-/regenerator-runtime-0.13.5.tgz#d878a1d094b4306d10b9096484b33ebd55e26697"
  integrity sha512-ZS5w8CpKFinUzOwW3c83oPeVXoNsrLsaCoLtJvAClH135j/R77RuymhiSErhm2lKcwSCIpmvIWSbDkIfAqKQlA==

sbc-common-components@^2.1.35:
  version "2.1.35"
  resolved "https://registry.yarnpkg.com/sbc-common-components/-/sbc-common-components-2.1.35.tgz#82d094d55855b100d8a50ef52ab0bb5bdc4448a1"
  integrity sha512-u+HrBfOG5m+8QqLC7wUM80xtxohMEOmzHNgE3HLeHRxlDF5JAgNM/hyewSyaZLzXQBr0eI3VdyGoCFWHPrpwVQ==
  dependencies:
    "@mdi/font" "^4.5.95"
    axios "^0.18.0"
    core-js "^3.1.4"
    country-list "^2.2.0"
    keycloak-js "^6.0.0"
    launchdarkly-js-client-sdk "^2.16.1"
    provinces "^1.11.0"
    regenerator-runtime "^0.13.3"
    vue "^2.6.11"
    vue-i18n "^8.0.0"
    vue-property-decorator "^8.3.0"
    vue-router "^3.0.3"
    vue2-filters "^0.7.1"
    vuelidate "^0.7.4"
    vuetify "^2.1.5"
    vuex "^3.1.2"

uuid@^3.3.2:
  version "3.4.0"
  resolved "https://registry.yarnpkg.com/uuid/-/uuid-3.4.0.tgz#b23e4358afa8a202fe7a100af1f5f883f02007ee"
  integrity sha512-HjSDRw6gZE5JMggctHBcjVak08+KEVhSIiDzFnT9S9aegmp85S/bReBVTb4QTFaRNptJ9kuYaNhnbNEOkbKb/A==

vue-class-component@^7.1.0:
  version "7.2.3"
  resolved "https://registry.yarnpkg.com/vue-class-component/-/vue-class-component-7.2.3.tgz#a5b1abd53513a72ad51098752e2dedd499807cca"
  integrity sha512-oEqYpXKaFN+TaXU+mRLEx8dX0ah85aAJEe61mpdoUrq0Bhe/6sWhyZX1JjMQLhVsHAkncyhedhmCdDVSasUtDw==

vue-i18n@^8.0.0:
  version "8.18.2"
  resolved "https://registry.yarnpkg.com/vue-i18n/-/vue-i18n-8.18.2.tgz#cd7c12f2e178e6faa23b0e3cfd2f7bac9305f8fc"
  integrity sha512-0X5nBTCZAVjlwcrPaYJwNs3iipBBTv0AUHwQUOa8yP3XbQGWKbRHqBb3OhCYtum/IHDD21d/df5Xd2VgyxbxfA==

vue-property-decorator@^8.3.0:
  version "8.5.1"
  resolved "https://registry.yarnpkg.com/vue-property-decorator/-/vue-property-decorator-8.5.1.tgz#571a91cf8d2b507f537d79bf8275af3184572fff"
  integrity sha512-O6OUN2OMsYTGPvgFtXeBU3jPnX5ffQ9V4I1WfxFQ6dqz6cOUbR3Usou7kgFpfiXDvV7dJQSFcJ5yUPgOtPPm1Q==
  dependencies:
    vue-class-component "^7.1.0"

vue-router@^3.0.3:
  version "3.3.4"
  resolved "https://registry.yarnpkg.com/vue-router/-/vue-router-3.3.4.tgz#4e38abc34a11c41b6c3d8244449a2e363ba6250b"
  integrity sha512-SdKRBeoXUjaZ9R/8AyxsdTqkOfMcI5tWxPZOUX5Ie1BTL5rPSZ0O++pbiZCeYeythiZIdLEfkDiQPKIaWk5hDg==

vue2-filters@^0.7.1:
  version "0.7.2"
  resolved "https://registry.yarnpkg.com/vue2-filters/-/vue2-filters-0.7.2.tgz#762e8b24c9ccaa152ac43b06c21c3e41ed6c13eb"
  integrity sha512-7I74isiBUQFGaNbVv57NzHGqh54cLe0JNJmJmu66wxP5eOK/CqHN4iqHMgwPPPvPbgbFbpI/GjbHiIx8tNruwg==

vue@^2.6.11:
  version "2.6.11"
  resolved "https://registry.yarnpkg.com/vue/-/vue-2.6.11.tgz#76594d877d4b12234406e84e35275c6d514125c5"
  integrity sha512-VfPwgcGABbGAue9+sfrD4PuwFar7gPb1yl1UK1MwXoQPAw0BKSqWfoYCT/ThFrdEVWoI51dBuyCoiNU9bZDZxQ==

vuelidate@^0.7.4:
  version "0.7.5"
  resolved "https://registry.yarnpkg.com/vuelidate/-/vuelidate-0.7.5.tgz#ff48c75ae9d24ea24c24e9ea08065eda0a0cba0a"
  integrity sha512-GAAG8QAFVp7BFeQlNaThpTbimq3+HypBPNwdkCkHZZeVaD5zmXXfhp357dcUJXHXTZjSln0PvP6wiwLZXkFTwg==

vuetify@^2.1.5:
  version "2.3.1"
  resolved "https://registry.yarnpkg.com/vuetify/-/vuetify-2.3.1.tgz#8c5bdcb15ad7ca9ba2a206a26a65b34ec0ca6c0d"
  integrity sha512-UdWcoM3MzTD/+o/uH745i5EyK8CluAEQclB41iegHQZmklQQMyBPrIF6BcED9rjV9iFjqeUaIh616T5NqoYr+Q==

vuex@^3.1.2:
  version "3.4.0"
  resolved "https://registry.yarnpkg.com/vuex/-/vuex-3.4.0.tgz#20cc086062d750769fce1febb34e7fceeaebde45"
  integrity sha512-ajtqwEW/QhnrBZQsZxCLHThZZaa+Db45c92Asf46ZDXu6uHXgbfVuBaJ4gzD2r4UX0oMJHstFwd2r2HM4l8umg==
